{
  "lockfile_version": "1",
  "packages": {
    "lua-language-server@latest": {
      "last_modified": "2024-12-17T11:43:56Z",
      "resolved": "github:NixOS/nixpkgs/4989a246d7a390a859852baddb1013f825435cee#lua-language-server",
      "source": "devbox-search",
      "version": "3.13.4",
      "systems": {
        "aarch64-darwin": {
          "outputs": [
            {
              "name": "out",
              "path": "/nix/store/vmqiicnwm1mvm7lf425agfq88346npix-lua-language-server-3.13.4",
              "default": true
            }
          ],
          "store_path": "/nix/store/vmqiicnwm1mvm7lf425agfq88346npix-lua-language-server-3.13.4"
        },
        "aarch64-linux": {
          "outputs": [
            {
              "name": "out",
              "path": "/nix/store/z3lyqpa51msgia2djk9cf1bh4pdbjmzf-lua-language-server-3.13.4",
              "default": true
            }
          ],
          "store_path": "/nix/store/z3lyqpa51msgia2djk9cf1bh4pdbjmzf-lua-language-server-3.13.4"
        },
        "x86_64-darwin": {
          "outputs": [
            {
              "name": "out",
              "path": "/nix/store/fjwrrx72aldfgckgmp2f63jjvk33b91i-lua-language-server-3.13.4",
              "default": true
            }
          ],
          "store_path": "/nix/store/fjwrrx72aldfgckgmp2f63jjvk33b91i-lua-language-server-3.13.4"
        },
        "x86_64-linux": {
          "outputs": [
            {
              "name": "out",
              "path": "/nix/store/dd170vv7q56n1hz4hqp01224as7nas55-lua-language-server-3.13.4",
              "default": true
            }
          ],
          "store_path": "/nix/store/dd170vv7q56n1hz4hqp01224as7nas55-lua-language-server-3.13.4"
        }
      }
    }
  }
}
